
Microsoft Visual Studio Solution File, Format Version 12.00
# Visual Studio Version 17
VisualStudioVersion = 17.10.35004.147
MinimumVisualStudioVersion = 10.0.40219.1
Project("{9A19103F-16F7-4668-BE54-9A1E7A4F7556}") = "HelloWorld", "HelloWorld\HelloWorld.csproj", "{EC4684A7-38F0-42A0-B5A2-0DFF45B48CA6}"
EndProject
Project("{9A19103F-16F7-4668-BE54-9A1E7A4F7556}") = "WhatComesNext", "WhatComesNext\WhatComesNext.csproj", "{29778A58-4811-4846-8FC7-D0CB58749FC3}"
EndProject
Project("{9A19103F-16F7-4668-BE54-9A1E7A4F7556}") = "MakingsOfProgrammer", "MakingsOfProgrammer\MakingsOfProgrammer.csproj", "{97D5D008-7BED-4EE4-8542-7853E214FF7B}"
EndProject
Project("{9A19103F-16F7-4668-BE54-9A1E7A4F7556}") = "ConsolasAndTelim", "ConsolasAndTelim\ConsolasAndTelim.csproj", "{5A93E439-A9D0-42CB-A5DF-F4ED2D621558}"
EndProject
Project("{9A19103F-16F7-4668-BE54-9A1E7A4F7556}") = "ThingNamer3000", "ThingNamer3000\ThingNamer3000.csproj", "{C860856C-733B-4F86-944D-354F3A0B431D}"
EndProject
Project("{9A19103F-16F7-4668-BE54-9A1E7A4F7556}") = "VariableShop", "VariableShop\VariableShop.csproj", "{8C1CBC7D-40D9-480E-9869-8681203FFA21}"
EndProject
Project("{9A19103F-16F7-4668-BE54-9A1E7A4F7556}") = "VariableShopReturns", "VariableShopReturns\VariableShopReturns.csproj", "{60AC850A-6E50-4C4B-A578-43EFFED46D6E}"
EndProject
Project("{9A19103F-16F7-4668-BE54-9A1E7A4F7556}") = "Utility", "Utility\Utility.csproj", "{D8DE3592-DB26-4E11-93F1-6D68A6C7FBED}"
EndProject
Project("{9A19103F-16F7-4668-BE54-9A1E7A4F7556}") = "TriangleFarmer", "TriangleFarmer\TriangleFarmer.csproj", "{92F23CD6-DF05-4993-A8AB-8D61637BAFE4}"
EndProject
Project("{9A19103F-16F7-4668-BE54-9A1E7A4F7556}") = "FourSistersAndDuckbear", "FourSistersAndDuckbear\FourSistersAndDuckbear.csproj", "{23CCB4F8-17B4-4530-A59C-37B781D06A60}"
EndProject
Project("{9A19103F-16F7-4668-BE54-9A1E7A4F7556}") = "DominionOfKings", "DominionOfKings\DominionOfKings.csproj", "{7F39D10E-9AB0-400C-B944-63345C90EDD2}"
EndProject
Project("{9A19103F-16F7-4668-BE54-9A1E7A4F7556}") = "DefenseOfConsolas", "DefenseOfConsolas\DefenseOfConsolas.csproj", "{BC5D2414-D14F-4855-BCEE-3E849CF3E232}"
EndProject
Project("{9A19103F-16F7-4668-BE54-9A1E7A4F7556}") = "RepairingClocktower", "RepairingClocktower\RepairingClocktower.csproj", "{403A5CBE-D774-46A8-AFC8-9909B5B46E22}"
EndProject
Project("{9A19103F-16F7-4668-BE54-9A1E7A4F7556}") = "Watchtower", "Watchtower\Watchtower.csproj", "{4510EC34-CAE6-43D9-88A7-AB65BACF7EAA}"
EndProject
Project("{9A19103F-16F7-4668-BE54-9A1E7A4F7556}") = "BuyingInventory", "BuyingInventory\BuyingInventory.csproj", "{0FC0B18C-F8E5-41E3-815E-8ABCAEDFB04B}"
EndProject
Project("{9A19103F-16F7-4668-BE54-9A1E7A4F7556}") = "DiscountedInventory", "DiscountedInventory\DiscountedInventory.csproj", "{2E317945-2589-41B7-9794-15C94B400DCA}"
EndProject
Project("{9A19103F-16F7-4668-BE54-9A1E7A4F7556}") = "Prototype", "Prototype\Prototype.csproj", "{0A60D823-F803-490E-857D-E8AF86DBE3DF}"
EndProject
Project("{9A19103F-16F7-4668-BE54-9A1E7A4F7556}") = "MagicCannon", "MagicCannon\MagicCannon.csproj", "{197A6FAD-9222-4369-8569-E74A54316994}"
EndProject
Project("{9A19103F-16F7-4668-BE54-9A1E7A4F7556}") = "ReplicatorOfDTo", "ReplicatorOfDTo\ReplicatorOfDTo.csproj", "{1129462F-C7FE-408C-8C13-1F6724FB4988}"
EndProject
Project("{9A19103F-16F7-4668-BE54-9A1E7A4F7556}") = "LawsOfFreach", "LawsOfFreach\LawsOfFreach.csproj", "{149D0402-68CB-4334-942C-FB1E9AD0732E}"
EndProject
Project("{9A19103F-16F7-4668-BE54-9A1E7A4F7556}") = "TakingNumber", "TakingNumber\TakingNumber.csproj", "{EE554341-42A8-47DA-B306-C8018620E660}"
EndProject
Project("{9A19103F-16F7-4668-BE54-9A1E7A4F7556}") = "Countdown", "Countdown\Countdown.csproj", "{C73048AE-05BF-4963-BC45-ACA2B6369BCB}"
EndProject
Project("{9A19103F-16F7-4668-BE54-9A1E7A4F7556}") = "HuntingManticore", "HuntingManticore\HuntingManticore.csproj", "{DD544EDD-2F3A-4EA5-90EB-1CEBD861E54B}"
EndProject
Project("{2150E333-8FDC-42A3-9474-1A3956D46DE8}") = "Part 1", "Part 1", "{68207673-A6EF-4CF2-98E8-F6C94C290FCB}"
EndProject
Project("{2150E333-8FDC-42A3-9474-1A3956D46DE8}") = "Part 2", "Part 2", "{3D2EF9B0-DE5E-4659-93B8-2D87695C5FE3}"
EndProject
Project("{9A19103F-16F7-4668-BE54-9A1E7A4F7556}") = "SimulasTest", "SimulasTest\SimulasTest.csproj", "{40C9D243-6496-45AE-81A0-E74753EC7323}"
EndProject
Project("{9A19103F-16F7-4668-BE54-9A1E7A4F7556}") = "SimulasSoup", "SimulasSoup\SimulasSoup.csproj", "{EE4F0350-E581-42C4-9D06-7DF48EA9A35E}"
EndProject
Project("{9A19103F-16F7-4668-BE54-9A1E7A4F7556}") = "VinFletchersArrows", "VinFletchersArrows\VinFletchersArrows.csproj", "{4AA00C40-DED1-4FE9-B631-9BA016D17657}"
EndProject
Project("{9A19103F-16F7-4668-BE54-9A1E7A4F7556}") = "VinsTrouble", "VinsTrouble\VinsTrouble.csproj", "{D6593770-8386-4F9D-BC41-55CE7209A041}"
EndProject
Project("{9A19103F-16F7-4668-BE54-9A1E7A4F7556}") = "PropertiesOfArrows", "PropertiesOfArrows\PropertiesOfArrows.csproj", "{87EBCCC0-3D10-4B17-B381-87CE690F2083}"
EndProject
Project("{9A19103F-16F7-4668-BE54-9A1E7A4F7556}") = "ArrowFactories", "ArrowFactories\ArrowFactories.csproj", "{8B389A94-83B9-458C-A320-F905A652549F}"
EndProject
Project("{9A19103F-16F7-4668-BE54-9A1E7A4F7556}") = "Point", "Point\Point.csproj", "{D5CAA3F3-B59D-42F6-B33E-664476992EF6}"
EndProject
Project("{9A19103F-16F7-4668-BE54-9A1E7A4F7556}") = "Color", "Color\Color.csproj", "{6A3846C0-6E84-4AD3-BCDA-3A900E64DE23}"
EndProject
Project("{9A19103F-16F7-4668-BE54-9A1E7A4F7556}") = "Card", "Card\Card.csproj", "{A4BECE14-D402-4A2A-94BB-9CE581DF24CA}"
EndProject
Project("{9A19103F-16F7-4668-BE54-9A1E7A4F7556}") = "LockedDoor", "LockedDoor\LockedDoor.csproj", "{01267313-B5FB-4E37-AB0D-2E638E3280FF}"
EndProject
Project("{9A19103F-16F7-4668-BE54-9A1E7A4F7556}") = "PasswordValidator", "PasswordValidator\PasswordValidator.csproj", "{E7DD330D-5C11-419B-8823-3BA001214E99}"
EndProject
Project("{9A19103F-16F7-4668-BE54-9A1E7A4F7556}") = "TicTacToe", "TicTacToe\TicTacToe.csproj", "{325F1FA5-167F-49C0-99BE-7DC096707C19}"
EndProject
Project("{9A19103F-16F7-4668-BE54-9A1E7A4F7556}") = "PackingInventory", "PackingInventory\PackingInventory.csproj", "{EDC99E17-56A7-4287-9426-4AE117BBAC51}"
EndProject
Project("{9A19103F-16F7-4668-BE54-9A1E7A4F7556}") = "LabelingInventory", "LabelingInventory\LabelingInventory.csproj", "{26A14883-80CB-4E48-B3EC-CE39DC5A3C19}"
EndProject
Project("{9A19103F-16F7-4668-BE54-9A1E7A4F7556}") = "OldRobot", "OldRobot\OldRobot.csproj", "{A60994F0-C5D6-4C58-A39C-34DF33045AC8}"
EndProject
Project("{9A19103F-16F7-4668-BE54-9A1E7A4F7556}") = "RoboticInterface", "RoboticInterface\RoboticInterface.csproj", "{F870894A-0D48-4466-B4F5-00B4235D400E}"
EndProject
Project("{9A19103F-16F7-4668-BE54-9A1E7A4F7556}") = "RoomCoordinates", "RoomCoordinates\RoomCoordinates.csproj", "{9BA4B91F-7B20-4BF4-85D6-D6BECFDE8D91}"
EndProject
Project("{9A19103F-16F7-4668-BE54-9A1E7A4F7556}") = "WarPreparations", "WarPreparations\WarPreparations.csproj", "{D5E9429F-AA39-4C91-A18C-2D5BF3C8CA84}"
EndProject
Project("{9A19103F-16F7-4668-BE54-9A1E7A4F7556}") = "ColoredItems", "ColoredItems\ColoredItems.csproj", "{A88D69A3-A9CF-46FC-B31C-2C94FAA71C0D}"
EndProject
Project("{9A19103F-16F7-4668-BE54-9A1E7A4F7556}") = "FountainOfObjects", "FountainOfObjects\FountainOfObjects.csproj", "{6136FE94-56A8-406A-BC39-34CD7CDEC4BC}"
EndProject
Project("{9A19103F-16F7-4668-BE54-9A1E7A4F7556}") = "RobotPilot", "RobotPilot\RobotPilot.csproj", "{F7664296-4D8E-4DBF-B629-8D7DF90E9EE6}"
EndProject
Project("{9A19103F-16F7-4668-BE54-9A1E7A4F7556}") = "TimeInCavern", "TimeInCavern\TimeInCavern.csproj", "{A839B1BE-7EE2-48AC-AF95-1E82E77BD12D}"
EndProject
Project("{9A19103F-16F7-4668-BE54-9A1E7A4F7556}") = "ListOfCommands", "ListOfCommands\ListOfCommands.csproj", "{48737C1C-009C-4B44-9E69-1A4BA4C1C007}"
EndProject
Project("{9A19103F-16F7-4668-BE54-9A1E7A4F7556}") = "Feud", "Feud\Feud.csproj", "{56B3EEA3-93C0-4285-B64A-5F2E3E4D96FB}"
EndProject
Project("{9A19103F-16F7-4668-BE54-9A1E7A4F7556}") = "DuelingTraditions", "DuelingTraditions\DuelingTraditions.csproj", "{8901316B-60C1-44EE-B5CD-20544566EE29}"
EndProject
Project("{9A19103F-16F7-4668-BE54-9A1E7A4F7556}") = "SaferNumberCrunching", "SaferNumberCrunching\SaferNumberCrunching.csproj", "{73E7E74E-15AB-40E3-8202-CDB0848E4123}"
EndProject
Project("{9A19103F-16F7-4668-BE54-9A1E7A4F7556}") = "BetterRandom", "BetterRandom\BetterRandom.csproj", "{AD8DDD8D-A90F-4005-820E-623D61248340}"
EndProject
Project("{9A19103F-16F7-4668-BE54-9A1E7A4F7556}") = "ExeptisGame", "ExeptisGame\ExeptisGame.csproj", "{C2D44EBC-667F-4B72-8540-2F84C70C962B}"
EndProject
Project("{9A19103F-16F7-4668-BE54-9A1E7A4F7556}") = "Sieve", "Sieve\Sieve.csproj", "{1A914A85-2CE9-487D-9568-A6240A1D0A07}"
EndProject
Project("{2150E333-8FDC-42A3-9474-1A3956D46DE8}") = "Part 3", "Part 3", "{89992FA8-5B50-40BD-A2BD-FAC263544B41}"
EndProject
Project("{9A19103F-16F7-4668-BE54-9A1E7A4F7556}") = "CharberryTrees", "CharberryTrees\CharberryTrees.csproj", "{F0D8E485-AB13-4391-8F6F-09F8BA095798}"
EndProject
Project("{9A19103F-16F7-4668-BE54-9A1E7A4F7556}") = "LambdaSieve", "LambdaSieve\LambdaSieve.csproj", "{CB8A7D56-F5C5-4881-9287-2A42600D5040}"
EndProject
Project("{9A19103F-16F7-4668-BE54-9A1E7A4F7556}") = "LongGame", "LongGame\LongGame.csproj", "{43A84BD2-1E52-416B-AA65-B69C442E1301}"
EndProject
Project("{9A19103F-16F7-4668-BE54-9A1E7A4F7556}") = "PotionMastersOfPattren", "PotionMastersOfPattren\PotionMastersOfPattren.csproj", "{AF447168-030D-4B53-9D30-B5074BC4C24E}"
EndProject
Project("{9A19103F-16F7-4668-BE54-9A1E7A4F7556}") = "NavigatingOperandCity", "NavigatingOperandCity\NavigatingOperandCity.csproj", "{B8FB7D49-6549-40E1-A143-273A08881BD0}"
EndProject
Project("{9A19103F-16F7-4668-BE54-9A1E7A4F7556}") = "IndexingOperandCity", "IndexingOperandCity\IndexingOperandCity.csproj", "{A3D28A7D-D699-4419-AB92-9036A26D1DAE}"
EndProject
Project("{9A19103F-16F7-4668-BE54-9A1E7A4F7556}") = "ConvertingDirectionsToOffsets", "ConvertingDirectionsToOffsets\ConvertingDirectionsToOffsets.csproj", "{62D35B89-6884-409D-A3A3-64000ABB2136}"
EndProject
Project("{9A19103F-16F7-4668-BE54-9A1E7A4F7556}") = "ThreeLenses", "ThreeLenses\ThreeLenses.csproj", "{A9867F55-D03F-4932-A621-57A1DD8116E7}"
EndProject
Project("{9A19103F-16F7-4668-BE54-9A1E7A4F7556}") = "RepeatingStream", "RepeatingStream\RepeatingStream.csproj", "{703F2942-3BC8-473A-8298-56B1B46B1C74}"
EndProject
Project("{9A19103F-16F7-4668-BE54-9A1E7A4F7556}") = "AsynchronousRandomWords", "AsynchronousRandomWords\AsynchronousRandomWords.csproj", "{75F558A1-FE8E-422E-B200-0B6512E0E479}"
EndProject
Project("{9A19103F-16F7-4668-BE54-9A1E7A4F7556}") = "ManyRandomWords", "ManyRandomWords\ManyRandomWords.csproj", "{BAC62D6C-8903-4A85-9765-C7CC20FCBE90}"
EndProject
Project("{9A19103F-16F7-4668-BE54-9A1E7A4F7556}") = "UniterOfAdds", "UniterOfAdds\UniterOfAdds.csproj", "{C2CCA25F-885B-4BFF-B395-637EF231F789}"
EndProject
Project("{9A19103F-16F7-4668-BE54-9A1E7A4F7556}") = "RobotFactory", "RobotFactory\RobotFactory.csproj", "{2765DB85-4E1C-42E2-ADA5-EFCB9DF42CA1}"
EndProject
Project("{FAE04EC0-301F-11D3-BF4B-00C04F79EFBC}") = "ColoredConsole", "ColoredConsole\ColoredConsole.csproj", "{8EE596CB-5C47-454B-9504-1CDEF0B0DF23}"
EndProject
Project("{FAE04EC0-301F-11D3-BF4B-00C04F79EFBC}") = "GreatHumanizer", "GreatHumanizer\GreatHumanizer.csproj", "{EDE68F52-26D8-4F21-8D2B-080E3AB5365F}"
EndProject
Project("{FAE04EC0-301F-11D3-BF4B-00C04F79EFBC}") = "AltarOfPublication", "AltarOfPublication\AltarOfPublication.csproj", "{2CC40B82-918C-4EC2-B33D-FECF74EA2A9B}"
EndProject
Project("{2150E333-8FDC-42A3-9474-1A3956D46DE8}") = "Part 4", "Part 4", "{C2BD63CD-52AE-43AB-9193-3ADD896CBD60}"
EndProject
Project("{FAE04EC0-301F-11D3-BF4B-00C04F79EFBC}") = "FinalBattle", "FinalBattle\FinalBattle.csproj", "{5F2C3B6B-3536-4B1A-80B6-BD1859BB64DA}"
EndProject
Global
	GlobalSection(SolutionConfigurationPlatforms) = preSolution
		Debug|Any CPU = Debug|Any CPU
		Release|Any CPU = Release|Any CPU
	EndGlobalSection
	GlobalSection(ProjectConfigurationPlatforms) = postSolution
		{EC4684A7-38F0-42A0-B5A2-0DFF45B48CA6}.Debug|Any CPU.ActiveCfg = Debug|Any CPU
		{EC4684A7-38F0-42A0-B5A2-0DFF45B48CA6}.Debug|Any CPU.Build.0 = Debug|Any CPU
		{EC4684A7-38F0-42A0-B5A2-0DFF45B48CA6}.Release|Any CPU.ActiveCfg = Release|Any CPU
		{EC4684A7-38F0-42A0-B5A2-0DFF45B48CA6}.Release|Any CPU.Build.0 = Release|Any CPU
		{29778A58-4811-4846-8FC7-D0CB58749FC3}.Debug|Any CPU.ActiveCfg = Debug|Any CPU
		{29778A58-4811-4846-8FC7-D0CB58749FC3}.Debug|Any CPU.Build.0 = Debug|Any CPU
		{29778A58-4811-4846-8FC7-D0CB58749FC3}.Release|Any CPU.ActiveCfg = Release|Any CPU
		{29778A58-4811-4846-8FC7-D0CB58749FC3}.Release|Any CPU.Build.0 = Release|Any CPU
		{97D5D008-7BED-4EE4-8542-7853E214FF7B}.Debug|Any CPU.ActiveCfg = Debug|Any CPU
		{97D5D008-7BED-4EE4-8542-7853E214FF7B}.Debug|Any CPU.Build.0 = Debug|Any CPU
		{97D5D008-7BED-4EE4-8542-7853E214FF7B}.Release|Any CPU.ActiveCfg = Release|Any CPU
		{97D5D008-7BED-4EE4-8542-7853E214FF7B}.Release|Any CPU.Build.0 = Release|Any CPU
		{5A93E439-A9D0-42CB-A5DF-F4ED2D621558}.Debug|Any CPU.ActiveCfg = Debug|Any CPU
		{5A93E439-A9D0-42CB-A5DF-F4ED2D621558}.Debug|Any CPU.Build.0 = Debug|Any CPU
		{5A93E439-A9D0-42CB-A5DF-F4ED2D621558}.Release|Any CPU.ActiveCfg = Release|Any CPU
		{5A93E439-A9D0-42CB-A5DF-F4ED2D621558}.Release|Any CPU.Build.0 = Release|Any CPU
		{C860856C-733B-4F86-944D-354F3A0B431D}.Debug|Any CPU.ActiveCfg = Debug|Any CPU
		{C860856C-733B-4F86-944D-354F3A0B431D}.Debug|Any CPU.Build.0 = Debug|Any CPU
		{C860856C-733B-4F86-944D-354F3A0B431D}.Release|Any CPU.ActiveCfg = Release|Any CPU
		{C860856C-733B-4F86-944D-354F3A0B431D}.Release|Any CPU.Build.0 = Release|Any CPU
		{8C1CBC7D-40D9-480E-9869-8681203FFA21}.Debug|Any CPU.ActiveCfg = Debug|Any CPU
		{8C1CBC7D-40D9-480E-9869-8681203FFA21}.Debug|Any CPU.Build.0 = Debug|Any CPU
		{8C1CBC7D-40D9-480E-9869-8681203FFA21}.Release|Any CPU.ActiveCfg = Release|Any CPU
		{8C1CBC7D-40D9-480E-9869-8681203FFA21}.Release|Any CPU.Build.0 = Release|Any CPU
		{60AC850A-6E50-4C4B-A578-43EFFED46D6E}.Debug|Any CPU.ActiveCfg = Debug|Any CPU
		{60AC850A-6E50-4C4B-A578-43EFFED46D6E}.Debug|Any CPU.Build.0 = Debug|Any CPU
		{60AC850A-6E50-4C4B-A578-43EFFED46D6E}.Release|Any CPU.ActiveCfg = Release|Any CPU
		{60AC850A-6E50-4C4B-A578-43EFFED46D6E}.Release|Any CPU.Build.0 = Release|Any CPU
		{D8DE3592-DB26-4E11-93F1-6D68A6C7FBED}.Debug|Any CPU.ActiveCfg = Debug|Any CPU
		{D8DE3592-DB26-4E11-93F1-6D68A6C7FBED}.Debug|Any CPU.Build.0 = Debug|Any CPU
		{D8DE3592-DB26-4E11-93F1-6D68A6C7FBED}.Release|Any CPU.ActiveCfg = Release|Any CPU
		{D8DE3592-DB26-4E11-93F1-6D68A6C7FBED}.Release|Any CPU.Build.0 = Release|Any CPU
		{92F23CD6-DF05-4993-A8AB-8D61637BAFE4}.Debug|Any CPU.ActiveCfg = Debug|Any CPU
		{92F23CD6-DF05-4993-A8AB-8D61637BAFE4}.Debug|Any CPU.Build.0 = Debug|Any CPU
		{92F23CD6-DF05-4993-A8AB-8D61637BAFE4}.Release|Any CPU.ActiveCfg = Release|Any CPU
		{92F23CD6-DF05-4993-A8AB-8D61637BAFE4}.Release|Any CPU.Build.0 = Release|Any CPU
		{23CCB4F8-17B4-4530-A59C-37B781D06A60}.Debug|Any CPU.ActiveCfg = Debug|Any CPU
		{23CCB4F8-17B4-4530-A59C-37B781D06A60}.Debug|Any CPU.Build.0 = Debug|Any CPU
		{23CCB4F8-17B4-4530-A59C-37B781D06A60}.Release|Any CPU.ActiveCfg = Release|Any CPU
		{23CCB4F8-17B4-4530-A59C-37B781D06A60}.Release|Any CPU.Build.0 = Release|Any CPU
		{7F39D10E-9AB0-400C-B944-63345C90EDD2}.Debug|Any CPU.ActiveCfg = Debug|Any CPU
		{7F39D10E-9AB0-400C-B944-63345C90EDD2}.Debug|Any CPU.Build.0 = Debug|Any CPU
		{7F39D10E-9AB0-400C-B944-63345C90EDD2}.Release|Any CPU.ActiveCfg = Release|Any CPU
		{7F39D10E-9AB0-400C-B944-63345C90EDD2}.Release|Any CPU.Build.0 = Release|Any CPU
		{BC5D2414-D14F-4855-BCEE-3E849CF3E232}.Debug|Any CPU.ActiveCfg = Debug|Any CPU
		{BC5D2414-D14F-4855-BCEE-3E849CF3E232}.Debug|Any CPU.Build.0 = Debug|Any CPU
		{BC5D2414-D14F-4855-BCEE-3E849CF3E232}.Release|Any CPU.ActiveCfg = Release|Any CPU
		{BC5D2414-D14F-4855-BCEE-3E849CF3E232}.Release|Any CPU.Build.0 = Release|Any CPU
		{403A5CBE-D774-46A8-AFC8-9909B5B46E22}.Debug|Any CPU.ActiveCfg = Debug|Any CPU
		{403A5CBE-D774-46A8-AFC8-9909B5B46E22}.Debug|Any CPU.Build.0 = Debug|Any CPU
		{403A5CBE-D774-46A8-AFC8-9909B5B46E22}.Release|Any CPU.ActiveCfg = Release|Any CPU
		{403A5CBE-D774-46A8-AFC8-9909B5B46E22}.Release|Any CPU.Build.0 = Release|Any CPU
		{4510EC34-CAE6-43D9-88A7-AB65BACF7EAA}.Debug|Any CPU.ActiveCfg = Debug|Any CPU
		{4510EC34-CAE6-43D9-88A7-AB65BACF7EAA}.Debug|Any CPU.Build.0 = Debug|Any CPU
		{4510EC34-CAE6-43D9-88A7-AB65BACF7EAA}.Release|Any CPU.ActiveCfg = Release|Any CPU
		{4510EC34-CAE6-43D9-88A7-AB65BACF7EAA}.Release|Any CPU.Build.0 = Release|Any CPU
		{0FC0B18C-F8E5-41E3-815E-8ABCAEDFB04B}.Debug|Any CPU.ActiveCfg = Debug|Any CPU
		{0FC0B18C-F8E5-41E3-815E-8ABCAEDFB04B}.Debug|Any CPU.Build.0 = Debug|Any CPU
		{0FC0B18C-F8E5-41E3-815E-8ABCAEDFB04B}.Release|Any CPU.ActiveCfg = Release|Any CPU
		{0FC0B18C-F8E5-41E3-815E-8ABCAEDFB04B}.Release|Any CPU.Build.0 = Release|Any CPU
		{2E317945-2589-41B7-9794-15C94B400DCA}.Debug|Any CPU.ActiveCfg = Debug|Any CPU
		{2E317945-2589-41B7-9794-15C94B400DCA}.Debug|Any CPU.Build.0 = Debug|Any CPU
		{2E317945-2589-41B7-9794-15C94B400DCA}.Release|Any CPU.ActiveCfg = Release|Any CPU
		{2E317945-2589-41B7-9794-15C94B400DCA}.Release|Any CPU.Build.0 = Release|Any CPU
		{0A60D823-F803-490E-857D-E8AF86DBE3DF}.Debug|Any CPU.ActiveCfg = Debug|Any CPU
		{0A60D823-F803-490E-857D-E8AF86DBE3DF}.Debug|Any CPU.Build.0 = Debug|Any CPU
		{0A60D823-F803-490E-857D-E8AF86DBE3DF}.Release|Any CPU.ActiveCfg = Release|Any CPU
		{0A60D823-F803-490E-857D-E8AF86DBE3DF}.Release|Any CPU.Build.0 = Release|Any CPU
		{197A6FAD-9222-4369-8569-E74A54316994}.Debug|Any CPU.ActiveCfg = Debug|Any CPU
		{197A6FAD-9222-4369-8569-E74A54316994}.Debug|Any CPU.Build.0 = Debug|Any CPU
		{197A6FAD-9222-4369-8569-E74A54316994}.Release|Any CPU.ActiveCfg = Release|Any CPU
		{197A6FAD-9222-4369-8569-E74A54316994}.Release|Any CPU.Build.0 = Release|Any CPU
		{1129462F-C7FE-408C-8C13-1F6724FB4988}.Debug|Any CPU.ActiveCfg = Debug|Any CPU
		{1129462F-C7FE-408C-8C13-1F6724FB4988}.Debug|Any CPU.Build.0 = Debug|Any CPU
		{1129462F-C7FE-408C-8C13-1F6724FB4988}.Release|Any CPU.ActiveCfg = Release|Any CPU
		{1129462F-C7FE-408C-8C13-1F6724FB4988}.Release|Any CPU.Build.0 = Release|Any CPU
		{149D0402-68CB-4334-942C-FB1E9AD0732E}.Debug|Any CPU.ActiveCfg = Debug|Any CPU
		{149D0402-68CB-4334-942C-FB1E9AD0732E}.Debug|Any CPU.Build.0 = Debug|Any CPU
		{149D0402-68CB-4334-942C-FB1E9AD0732E}.Release|Any CPU.ActiveCfg = Release|Any CPU
		{149D0402-68CB-4334-942C-FB1E9AD0732E}.Release|Any CPU.Build.0 = Release|Any CPU
		{EE554341-42A8-47DA-B306-C8018620E660}.Debug|Any CPU.ActiveCfg = Debug|Any CPU
		{EE554341-42A8-47DA-B306-C8018620E660}.Debug|Any CPU.Build.0 = Debug|Any CPU
		{EE554341-42A8-47DA-B306-C8018620E660}.Release|Any CPU.ActiveCfg = Release|Any CPU
		{EE554341-42A8-47DA-B306-C8018620E660}.Release|Any CPU.Build.0 = Release|Any CPU
		{C73048AE-05BF-4963-BC45-ACA2B6369BCB}.Debug|Any CPU.ActiveCfg = Debug|Any CPU
		{C73048AE-05BF-4963-BC45-ACA2B6369BCB}.Debug|Any CPU.Build.0 = Debug|Any CPU
		{C73048AE-05BF-4963-BC45-ACA2B6369BCB}.Release|Any CPU.ActiveCfg = Release|Any CPU
		{C73048AE-05BF-4963-BC45-ACA2B6369BCB}.Release|Any CPU.Build.0 = Release|Any CPU
		{DD544EDD-2F3A-4EA5-90EB-1CEBD861E54B}.Debug|Any CPU.ActiveCfg = Debug|Any CPU
		{DD544EDD-2F3A-4EA5-90EB-1CEBD861E54B}.Debug|Any CPU.Build.0 = Debug|Any CPU
		{DD544EDD-2F3A-4EA5-90EB-1CEBD861E54B}.Release|Any CPU.ActiveCfg = Release|Any CPU
		{DD544EDD-2F3A-4EA5-90EB-1CEBD861E54B}.Release|Any CPU.Build.0 = Release|Any CPU
		{40C9D243-6496-45AE-81A0-E74753EC7323}.Debug|Any CPU.ActiveCfg = Debug|Any CPU
		{40C9D243-6496-45AE-81A0-E74753EC7323}.Debug|Any CPU.Build.0 = Debug|Any CPU
		{40C9D243-6496-45AE-81A0-E74753EC7323}.Release|Any CPU.ActiveCfg = Release|Any CPU
		{40C9D243-6496-45AE-81A0-E74753EC7323}.Release|Any CPU.Build.0 = Release|Any CPU
		{EE4F0350-E581-42C4-9D06-7DF48EA9A35E}.Debug|Any CPU.ActiveCfg = Debug|Any CPU
		{EE4F0350-E581-42C4-9D06-7DF48EA9A35E}.Debug|Any CPU.Build.0 = Debug|Any CPU
		{EE4F0350-E581-42C4-9D06-7DF48EA9A35E}.Release|Any CPU.ActiveCfg = Release|Any CPU
		{EE4F0350-E581-42C4-9D06-7DF48EA9A35E}.Release|Any CPU.Build.0 = Release|Any CPU
		{4AA00C40-DED1-4FE9-B631-9BA016D17657}.Debug|Any CPU.ActiveCfg = Debug|Any CPU
		{4AA00C40-DED1-4FE9-B631-9BA016D17657}.Debug|Any CPU.Build.0 = Debug|Any CPU
		{4AA00C40-DED1-4FE9-B631-9BA016D17657}.Release|Any CPU.ActiveCfg = Release|Any CPU
		{4AA00C40-DED1-4FE9-B631-9BA016D17657}.Release|Any CPU.Build.0 = Release|Any CPU
		{D6593770-8386-4F9D-BC41-55CE7209A041}.Debug|Any CPU.ActiveCfg = Debug|Any CPU
		{D6593770-8386-4F9D-BC41-55CE7209A041}.Debug|Any CPU.Build.0 = Debug|Any CPU
		{D6593770-8386-4F9D-BC41-55CE7209A041}.Release|Any CPU.ActiveCfg = Release|Any CPU
		{D6593770-8386-4F9D-BC41-55CE7209A041}.Release|Any CPU.Build.0 = Release|Any CPU
		{87EBCCC0-3D10-4B17-B381-87CE690F2083}.Debug|Any CPU.ActiveCfg = Debug|Any CPU
		{87EBCCC0-3D10-4B17-B381-87CE690F2083}.Debug|Any CPU.Build.0 = Debug|Any CPU
		{87EBCCC0-3D10-4B17-B381-87CE690F2083}.Release|Any CPU.ActiveCfg = Release|Any CPU
		{87EBCCC0-3D10-4B17-B381-87CE690F2083}.Release|Any CPU.Build.0 = Release|Any CPU
		{8B389A94-83B9-458C-A320-F905A652549F}.Debug|Any CPU.ActiveCfg = Debug|Any CPU
		{8B389A94-83B9-458C-A320-F905A652549F}.Debug|Any CPU.Build.0 = Debug|Any CPU
		{8B389A94-83B9-458C-A320-F905A652549F}.Release|Any CPU.ActiveCfg = Release|Any CPU
		{8B389A94-83B9-458C-A320-F905A652549F}.Release|Any CPU.Build.0 = Release|Any CPU
		{D5CAA3F3-B59D-42F6-B33E-664476992EF6}.Debug|Any CPU.ActiveCfg = Debug|Any CPU
		{D5CAA3F3-B59D-42F6-B33E-664476992EF6}.Debug|Any CPU.Build.0 = Debug|Any CPU
		{D5CAA3F3-B59D-42F6-B33E-664476992EF6}.Release|Any CPU.ActiveCfg = Release|Any CPU
		{D5CAA3F3-B59D-42F6-B33E-664476992EF6}.Release|Any CPU.Build.0 = Release|Any CPU
		{6A3846C0-6E84-4AD3-BCDA-3A900E64DE23}.Debug|Any CPU.ActiveCfg = Debug|Any CPU
		{6A3846C0-6E84-4AD3-BCDA-3A900E64DE23}.Debug|Any CPU.Build.0 = Debug|Any CPU
		{6A3846C0-6E84-4AD3-BCDA-3A900E64DE23}.Release|Any CPU.ActiveCfg = Release|Any CPU
		{6A3846C0-6E84-4AD3-BCDA-3A900E64DE23}.Release|Any CPU.Build.0 = Release|Any CPU
		{A4BECE14-D402-4A2A-94BB-9CE581DF24CA}.Debug|Any CPU.ActiveCfg = Debug|Any CPU
		{A4BECE14-D402-4A2A-94BB-9CE581DF24CA}.Debug|Any CPU.Build.0 = Debug|Any CPU
		{A4BECE14-D402-4A2A-94BB-9CE581DF24CA}.Release|Any CPU.ActiveCfg = Release|Any CPU
		{A4BECE14-D402-4A2A-94BB-9CE581DF24CA}.Release|Any CPU.Build.0 = Release|Any CPU
		{01267313-B5FB-4E37-AB0D-2E638E3280FF}.Debug|Any CPU.ActiveCfg = Debug|Any CPU
		{01267313-B5FB-4E37-AB0D-2E638E3280FF}.Debug|Any CPU.Build.0 = Debug|Any CPU
		{01267313-B5FB-4E37-AB0D-2E638E3280FF}.Release|Any CPU.ActiveCfg = Release|Any CPU
		{01267313-B5FB-4E37-AB0D-2E638E3280FF}.Release|Any CPU.Build.0 = Release|Any CPU
		{E7DD330D-5C11-419B-8823-3BA001214E99}.Debug|Any CPU.ActiveCfg = Debug|Any CPU
		{E7DD330D-5C11-419B-8823-3BA001214E99}.Debug|Any CPU.Build.0 = Debug|Any CPU
		{E7DD330D-5C11-419B-8823-3BA001214E99}.Release|Any CPU.ActiveCfg = Release|Any CPU
		{E7DD330D-5C11-419B-8823-3BA001214E99}.Release|Any CPU.Build.0 = Release|Any CPU
		{325F1FA5-167F-49C0-99BE-7DC096707C19}.Debug|Any CPU.ActiveCfg = Debug|Any CPU
		{325F1FA5-167F-49C0-99BE-7DC096707C19}.Debug|Any CPU.Build.0 = Debug|Any CPU
		{325F1FA5-167F-49C0-99BE-7DC096707C19}.Release|Any CPU.ActiveCfg = Release|Any CPU
		{325F1FA5-167F-49C0-99BE-7DC096707C19}.Release|Any CPU.Build.0 = Release|Any CPU
		{EDC99E17-56A7-4287-9426-4AE117BBAC51}.Debug|Any CPU.ActiveCfg = Debug|Any CPU
		{EDC99E17-56A7-4287-9426-4AE117BBAC51}.Debug|Any CPU.Build.0 = Debug|Any CPU
		{EDC99E17-56A7-4287-9426-4AE117BBAC51}.Release|Any CPU.ActiveCfg = Release|Any CPU
		{EDC99E17-56A7-4287-9426-4AE117BBAC51}.Release|Any CPU.Build.0 = Release|Any CPU
		{26A14883-80CB-4E48-B3EC-CE39DC5A3C19}.Debug|Any CPU.ActiveCfg = Debug|Any CPU
		{26A14883-80CB-4E48-B3EC-CE39DC5A3C19}.Debug|Any CPU.Build.0 = Debug|Any CPU
		{26A14883-80CB-4E48-B3EC-CE39DC5A3C19}.Release|Any CPU.ActiveCfg = Release|Any CPU
		{26A14883-80CB-4E48-B3EC-CE39DC5A3C19}.Release|Any CPU.Build.0 = Release|Any CPU
		{A60994F0-C5D6-4C58-A39C-34DF33045AC8}.Debug|Any CPU.ActiveCfg = Debug|Any CPU
		{A60994F0-C5D6-4C58-A39C-34DF33045AC8}.Debug|Any CPU.Build.0 = Debug|Any CPU
		{A60994F0-C5D6-4C58-A39C-34DF33045AC8}.Release|Any CPU.ActiveCfg = Release|Any CPU
		{A60994F0-C5D6-4C58-A39C-34DF33045AC8}.Release|Any CPU.Build.0 = Release|Any CPU
		{F870894A-0D48-4466-B4F5-00B4235D400E}.Debug|Any CPU.ActiveCfg = Debug|Any CPU
		{F870894A-0D48-4466-B4F5-00B4235D400E}.Debug|Any CPU.Build.0 = Debug|Any CPU
		{F870894A-0D48-4466-B4F5-00B4235D400E}.Release|Any CPU.ActiveCfg = Release|Any CPU
		{F870894A-0D48-4466-B4F5-00B4235D400E}.Release|Any CPU.Build.0 = Release|Any CPU
		{9BA4B91F-7B20-4BF4-85D6-D6BECFDE8D91}.Debug|Any CPU.ActiveCfg = Debug|Any CPU
		{9BA4B91F-7B20-4BF4-85D6-D6BECFDE8D91}.Debug|Any CPU.Build.0 = Debug|Any CPU
		{9BA4B91F-7B20-4BF4-85D6-D6BECFDE8D91}.Release|Any CPU.ActiveCfg = Release|Any CPU
		{9BA4B91F-7B20-4BF4-85D6-D6BECFDE8D91}.Release|Any CPU.Build.0 = Release|Any CPU
		{D5E9429F-AA39-4C91-A18C-2D5BF3C8CA84}.Debug|Any CPU.ActiveCfg = Debug|Any CPU
		{D5E9429F-AA39-4C91-A18C-2D5BF3C8CA84}.Debug|Any CPU.Build.0 = Debug|Any CPU
		{D5E9429F-AA39-4C91-A18C-2D5BF3C8CA84}.Release|Any CPU.ActiveCfg = Release|Any CPU
		{D5E9429F-AA39-4C91-A18C-2D5BF3C8CA84}.Release|Any CPU.Build.0 = Release|Any CPU
		{A88D69A3-A9CF-46FC-B31C-2C94FAA71C0D}.Debug|Any CPU.ActiveCfg = Debug|Any CPU
		{A88D69A3-A9CF-46FC-B31C-2C94FAA71C0D}.Debug|Any CPU.Build.0 = Debug|Any CPU
		{A88D69A3-A9CF-46FC-B31C-2C94FAA71C0D}.Release|Any CPU.ActiveCfg = Release|Any CPU
		{A88D69A3-A9CF-46FC-B31C-2C94FAA71C0D}.Release|Any CPU.Build.0 = Release|Any CPU
		{6136FE94-56A8-406A-BC39-34CD7CDEC4BC}.Debug|Any CPU.ActiveCfg = Debug|Any CPU
		{6136FE94-56A8-406A-BC39-34CD7CDEC4BC}.Debug|Any CPU.Build.0 = Debug|Any CPU
		{6136FE94-56A8-406A-BC39-34CD7CDEC4BC}.Release|Any CPU.ActiveCfg = Release|Any CPU
		{6136FE94-56A8-406A-BC39-34CD7CDEC4BC}.Release|Any CPU.Build.0 = Release|Any CPU
		{F7664296-4D8E-4DBF-B629-8D7DF90E9EE6}.Debug|Any CPU.ActiveCfg = Debug|Any CPU
		{F7664296-4D8E-4DBF-B629-8D7DF90E9EE6}.Debug|Any CPU.Build.0 = Debug|Any CPU
		{F7664296-4D8E-4DBF-B629-8D7DF90E9EE6}.Release|Any CPU.ActiveCfg = Release|Any CPU
		{F7664296-4D8E-4DBF-B629-8D7DF90E9EE6}.Release|Any CPU.Build.0 = Release|Any CPU
		{A839B1BE-7EE2-48AC-AF95-1E82E77BD12D}.Debug|Any CPU.ActiveCfg = Debug|Any CPU
		{A839B1BE-7EE2-48AC-AF95-1E82E77BD12D}.Debug|Any CPU.Build.0 = Debug|Any CPU
		{A839B1BE-7EE2-48AC-AF95-1E82E77BD12D}.Release|Any CPU.ActiveCfg = Release|Any CPU
		{A839B1BE-7EE2-48AC-AF95-1E82E77BD12D}.Release|Any CPU.Build.0 = Release|Any CPU
		{48737C1C-009C-4B44-9E69-1A4BA4C1C007}.Debug|Any CPU.ActiveCfg = Debug|Any CPU
		{48737C1C-009C-4B44-9E69-1A4BA4C1C007}.Debug|Any CPU.Build.0 = Debug|Any CPU
		{48737C1C-009C-4B44-9E69-1A4BA4C1C007}.Release|Any CPU.ActiveCfg = Release|Any CPU
		{48737C1C-009C-4B44-9E69-1A4BA4C1C007}.Release|Any CPU.Build.0 = Release|Any CPU
		{56B3EEA3-93C0-4285-B64A-5F2E3E4D96FB}.Debug|Any CPU.ActiveCfg = Debug|Any CPU
		{56B3EEA3-93C0-4285-B64A-5F2E3E4D96FB}.Debug|Any CPU.Build.0 = Debug|Any CPU
		{56B3EEA3-93C0-4285-B64A-5F2E3E4D96FB}.Release|Any CPU.ActiveCfg = Release|Any CPU
		{56B3EEA3-93C0-4285-B64A-5F2E3E4D96FB}.Release|Any CPU.Build.0 = Release|Any CPU
		{8901316B-60C1-44EE-B5CD-20544566EE29}.Debug|Any CPU.ActiveCfg = Debug|Any CPU
		{8901316B-60C1-44EE-B5CD-20544566EE29}.Debug|Any CPU.Build.0 = Debug|Any CPU
		{8901316B-60C1-44EE-B5CD-20544566EE29}.Release|Any CPU.ActiveCfg = Release|Any CPU
		{8901316B-60C1-44EE-B5CD-20544566EE29}.Release|Any CPU.Build.0 = Release|Any CPU
		{73E7E74E-15AB-40E3-8202-CDB0848E4123}.Debug|Any CPU.ActiveCfg = Debug|Any CPU
		{73E7E74E-15AB-40E3-8202-CDB0848E4123}.Debug|Any CPU.Build.0 = Debug|Any CPU
		{73E7E74E-15AB-40E3-8202-CDB0848E4123}.Release|Any CPU.ActiveCfg = Release|Any CPU
		{73E7E74E-15AB-40E3-8202-CDB0848E4123}.Release|Any CPU.Build.0 = Release|Any CPU
		{AD8DDD8D-A90F-4005-820E-623D61248340}.Debug|Any CPU.ActiveCfg = Debug|Any CPU
		{AD8DDD8D-A90F-4005-820E-623D61248340}.Debug|Any CPU.Build.0 = Debug|Any CPU
		{AD8DDD8D-A90F-4005-820E-623D61248340}.Release|Any CPU.ActiveCfg = Release|Any CPU
		{AD8DDD8D-A90F-4005-820E-623D61248340}.Release|Any CPU.Build.0 = Release|Any CPU
		{C2D44EBC-667F-4B72-8540-2F84C70C962B}.Debug|Any CPU.ActiveCfg = Debug|Any CPU
		{C2D44EBC-667F-4B72-8540-2F84C70C962B}.Debug|Any CPU.Build.0 = Debug|Any CPU
		{C2D44EBC-667F-4B72-8540-2F84C70C962B}.Release|Any CPU.ActiveCfg = Release|Any CPU
		{C2D44EBC-667F-4B72-8540-2F84C70C962B}.Release|Any CPU.Build.0 = Release|Any CPU
		{1A914A85-2CE9-487D-9568-A6240A1D0A07}.Debug|Any CPU.ActiveCfg = Debug|Any CPU
		{1A914A85-2CE9-487D-9568-A6240A1D0A07}.Debug|Any CPU.Build.0 = Debug|Any CPU
		{1A914A85-2CE9-487D-9568-A6240A1D0A07}.Release|Any CPU.ActiveCfg = Release|Any CPU
		{1A914A85-2CE9-487D-9568-A6240A1D0A07}.Release|Any CPU.Build.0 = Release|Any CPU
		{F0D8E485-AB13-4391-8F6F-09F8BA095798}.Debug|Any CPU.ActiveCfg = Debug|Any CPU
		{F0D8E485-AB13-4391-8F6F-09F8BA095798}.Debug|Any CPU.Build.0 = Debug|Any CPU
		{F0D8E485-AB13-4391-8F6F-09F8BA095798}.Release|Any CPU.ActiveCfg = Release|Any CPU
		{F0D8E485-AB13-4391-8F6F-09F8BA095798}.Release|Any CPU.Build.0 = Release|Any CPU
		{CB8A7D56-F5C5-4881-9287-2A42600D5040}.Debug|Any CPU.ActiveCfg = Debug|Any CPU
		{CB8A7D56-F5C5-4881-9287-2A42600D5040}.Debug|Any CPU.Build.0 = Debug|Any CPU
		{CB8A7D56-F5C5-4881-9287-2A42600D5040}.Release|Any CPU.ActiveCfg = Release|Any CPU
		{CB8A7D56-F5C5-4881-9287-2A42600D5040}.Release|Any CPU.Build.0 = Release|Any CPU
		{43A84BD2-1E52-416B-AA65-B69C442E1301}.Debug|Any CPU.ActiveCfg = Debug|Any CPU
		{43A84BD2-1E52-416B-AA65-B69C442E1301}.Debug|Any CPU.Build.0 = Debug|Any CPU
		{43A84BD2-1E52-416B-AA65-B69C442E1301}.Release|Any CPU.ActiveCfg = Release|Any CPU
		{43A84BD2-1E52-416B-AA65-B69C442E1301}.Release|Any CPU.Build.0 = Release|Any CPU
		{AF447168-030D-4B53-9D30-B5074BC4C24E}.Debug|Any CPU.ActiveCfg = Debug|Any CPU
		{AF447168-030D-4B53-9D30-B5074BC4C24E}.Debug|Any CPU.Build.0 = Debug|Any CPU
		{AF447168-030D-4B53-9D30-B5074BC4C24E}.Release|Any CPU.ActiveCfg = Release|Any CPU
		{AF447168-030D-4B53-9D30-B5074BC4C24E}.Release|Any CPU.Build.0 = Release|Any CPU
		{B8FB7D49-6549-40E1-A143-273A08881BD0}.Debug|Any CPU.ActiveCfg = Debug|Any CPU
		{B8FB7D49-6549-40E1-A143-273A08881BD0}.Debug|Any CPU.Build.0 = Debug|Any CPU
		{B8FB7D49-6549-40E1-A143-273A08881BD0}.Release|Any CPU.ActiveCfg = Release|Any CPU
		{B8FB7D49-6549-40E1-A143-273A08881BD0}.Release|Any CPU.Build.0 = Release|Any CPU
		{A3D28A7D-D699-4419-AB92-9036A26D1DAE}.Debug|Any CPU.ActiveCfg = Debug|Any CPU
		{A3D28A7D-D699-4419-AB92-9036A26D1DAE}.Debug|Any CPU.Build.0 = Debug|Any CPU
		{A3D28A7D-D699-4419-AB92-9036A26D1DAE}.Release|Any CPU.ActiveCfg = Release|Any CPU
		{A3D28A7D-D699-4419-AB92-9036A26D1DAE}.Release|Any CPU.Build.0 = Release|Any CPU
		{62D35B89-6884-409D-A3A3-64000ABB2136}.Debug|Any CPU.ActiveCfg = Debug|Any CPU
		{62D35B89-6884-409D-A3A3-64000ABB2136}.Debug|Any CPU.Build.0 = Debug|Any CPU
		{62D35B89-6884-409D-A3A3-64000ABB2136}.Release|Any CPU.ActiveCfg = Release|Any CPU
		{62D35B89-6884-409D-A3A3-64000ABB2136}.Release|Any CPU.Build.0 = Release|Any CPU
		{A9867F55-D03F-4932-A621-57A1DD8116E7}.Debug|Any CPU.ActiveCfg = Debug|Any CPU
		{A9867F55-D03F-4932-A621-57A1DD8116E7}.Debug|Any CPU.Build.0 = Debug|Any CPU
		{A9867F55-D03F-4932-A621-57A1DD8116E7}.Release|Any CPU.ActiveCfg = Release|Any CPU
		{A9867F55-D03F-4932-A621-57A1DD8116E7}.Release|Any CPU.Build.0 = Release|Any CPU
		{703F2942-3BC8-473A-8298-56B1B46B1C74}.Debug|Any CPU.ActiveCfg = Debug|Any CPU
		{703F2942-3BC8-473A-8298-56B1B46B1C74}.Debug|Any CPU.Build.0 = Debug|Any CPU
		{703F2942-3BC8-473A-8298-56B1B46B1C74}.Release|Any CPU.ActiveCfg = Release|Any CPU
		{703F2942-3BC8-473A-8298-56B1B46B1C74}.Release|Any CPU.Build.0 = Release|Any CPU
		{75F558A1-FE8E-422E-B200-0B6512E0E479}.Debug|Any CPU.ActiveCfg = Debug|Any CPU
		{75F558A1-FE8E-422E-B200-0B6512E0E479}.Debug|Any CPU.Build.0 = Debug|Any CPU
		{75F558A1-FE8E-422E-B200-0B6512E0E479}.Release|Any CPU.ActiveCfg = Release|Any CPU
		{75F558A1-FE8E-422E-B200-0B6512E0E479}.Release|Any CPU.Build.0 = Release|Any CPU
		{BAC62D6C-8903-4A85-9765-C7CC20FCBE90}.Debug|Any CPU.ActiveCfg = Debug|Any CPU
		{BAC62D6C-8903-4A85-9765-C7CC20FCBE90}.Debug|Any CPU.Build.0 = Debug|Any CPU
		{BAC62D6C-8903-4A85-9765-C7CC20FCBE90}.Release|Any CPU.ActiveCfg = Release|Any CPU
		{BAC62D6C-8903-4A85-9765-C7CC20FCBE90}.Release|Any CPU.Build.0 = Release|Any CPU
		{C2CCA25F-885B-4BFF-B395-637EF231F789}.Debug|Any CPU.ActiveCfg = Debug|Any CPU
		{C2CCA25F-885B-4BFF-B395-637EF231F789}.Debug|Any CPU.Build.0 = Debug|Any CPU
		{C2CCA25F-885B-4BFF-B395-637EF231F789}.Release|Any CPU.ActiveCfg = Release|Any CPU
		{C2CCA25F-885B-4BFF-B395-637EF231F789}.Release|Any CPU.Build.0 = Release|Any CPU
		{2765DB85-4E1C-42E2-ADA5-EFCB9DF42CA1}.Debug|Any CPU.ActiveCfg = Debug|Any CPU
		{2765DB85-4E1C-42E2-ADA5-EFCB9DF42CA1}.Debug|Any CPU.Build.0 = Debug|Any CPU
		{2765DB85-4E1C-42E2-ADA5-EFCB9DF42CA1}.Release|Any CPU.ActiveCfg = Release|Any CPU
		{2765DB85-4E1C-42E2-ADA5-EFCB9DF42CA1}.Release|Any CPU.Build.0 = Release|Any CPU
		{8EE596CB-5C47-454B-9504-1CDEF0B0DF23}.Debug|Any CPU.ActiveCfg = Debug|Any CPU
		{8EE596CB-5C47-454B-9504-1CDEF0B0DF23}.Debug|Any CPU.Build.0 = Debug|Any CPU
		{8EE596CB-5C47-454B-9504-1CDEF0B0DF23}.Release|Any CPU.ActiveCfg = Release|Any CPU
		{8EE596CB-5C47-454B-9504-1CDEF0B0DF23}.Release|Any CPU.Build.0 = Release|Any CPU
		{EDE68F52-26D8-4F21-8D2B-080E3AB5365F}.Debug|Any CPU.ActiveCfg = Debug|Any CPU
		{EDE68F52-26D8-4F21-8D2B-080E3AB5365F}.Debug|Any CPU.Build.0 = Debug|Any CPU
		{EDE68F52-26D8-4F21-8D2B-080E3AB5365F}.Release|Any CPU.ActiveCfg = Release|Any CPU
		{EDE68F52-26D8-4F21-8D2B-080E3AB5365F}.Release|Any CPU.Build.0 = Release|Any CPU
		{2CC40B82-918C-4EC2-B33D-FECF74EA2A9B}.Debug|Any CPU.ActiveCfg = Debug|Any CPU
		{2CC40B82-918C-4EC2-B33D-FECF74EA2A9B}.Debug|Any CPU.Build.0 = Debug|Any CPU
		{2CC40B82-918C-4EC2-B33D-FECF74EA2A9B}.Release|Any CPU.ActiveCfg = Release|Any CPU
		{2CC40B82-918C-4EC2-B33D-FECF74EA2A9B}.Release|Any CPU.Build.0 = Release|Any CPU
		{5F2C3B6B-3536-4B1A-80B6-BD1859BB64DA}.Debug|Any CPU.ActiveCfg = Debug|Any CPU
		{5F2C3B6B-3536-4B1A-80B6-BD1859BB64DA}.Debug|Any CPU.Build.0 = Debug|Any CPU
		{5F2C3B6B-3536-4B1A-80B6-BD1859BB64DA}.Release|Any CPU.ActiveCfg = Release|Any CPU
		{5F2C3B6B-3536-4B1A-80B6-BD1859BB64DA}.Release|Any CPU.Build.0 = Release|Any CPU
	EndGlobalSection
	GlobalSection(SolutionProperties) = preSolution
		HideSolutionNode = FALSE
	EndGlobalSection
	GlobalSection(NestedProjects) = preSolution
		{EC4684A7-38F0-42A0-B5A2-0DFF45B48CA6} = {68207673-A6EF-4CF2-98E8-F6C94C290FCB}
		{29778A58-4811-4846-8FC7-D0CB58749FC3} = {68207673-A6EF-4CF2-98E8-F6C94C290FCB}
		{97D5D008-7BED-4EE4-8542-7853E214FF7B} = {68207673-A6EF-4CF2-98E8-F6C94C290FCB}
		{5A93E439-A9D0-42CB-A5DF-F4ED2D621558} = {68207673-A6EF-4CF2-98E8-F6C94C290FCB}
		{C860856C-733B-4F86-944D-354F3A0B431D} = {68207673-A6EF-4CF2-98E8-F6C94C290FCB}
		{8C1CBC7D-40D9-480E-9869-8681203FFA21} = {68207673-A6EF-4CF2-98E8-F6C94C290FCB}
		{60AC850A-6E50-4C4B-A578-43EFFED46D6E} = {68207673-A6EF-4CF2-98E8-F6C94C290FCB}
		{92F23CD6-DF05-4993-A8AB-8D61637BAFE4} = {68207673-A6EF-4CF2-98E8-F6C94C290FCB}
		{23CCB4F8-17B4-4530-A59C-37B781D06A60} = {68207673-A6EF-4CF2-98E8-F6C94C290FCB}
		{7F39D10E-9AB0-400C-B944-63345C90EDD2} = {68207673-A6EF-4CF2-98E8-F6C94C290FCB}
		{BC5D2414-D14F-4855-BCEE-3E849CF3E232} = {68207673-A6EF-4CF2-98E8-F6C94C290FCB}
		{403A5CBE-D774-46A8-AFC8-9909B5B46E22} = {68207673-A6EF-4CF2-98E8-F6C94C290FCB}
		{4510EC34-CAE6-43D9-88A7-AB65BACF7EAA} = {68207673-A6EF-4CF2-98E8-F6C94C290FCB}
		{0FC0B18C-F8E5-41E3-815E-8ABCAEDFB04B} = {68207673-A6EF-4CF2-98E8-F6C94C290FCB}
		{2E317945-2589-41B7-9794-15C94B400DCA} = {68207673-A6EF-4CF2-98E8-F6C94C290FCB}
		{0A60D823-F803-490E-857D-E8AF86DBE3DF} = {68207673-A6EF-4CF2-98E8-F6C94C290FCB}
		{197A6FAD-9222-4369-8569-E74A54316994} = {68207673-A6EF-4CF2-98E8-F6C94C290FCB}
		{1129462F-C7FE-408C-8C13-1F6724FB4988} = {68207673-A6EF-4CF2-98E8-F6C94C290FCB}
		{149D0402-68CB-4334-942C-FB1E9AD0732E} = {68207673-A6EF-4CF2-98E8-F6C94C290FCB}
		{EE554341-42A8-47DA-B306-C8018620E660} = {68207673-A6EF-4CF2-98E8-F6C94C290FCB}
		{C73048AE-05BF-4963-BC45-ACA2B6369BCB} = {68207673-A6EF-4CF2-98E8-F6C94C290FCB}
		{DD544EDD-2F3A-4EA5-90EB-1CEBD861E54B} = {68207673-A6EF-4CF2-98E8-F6C94C290FCB}
		{40C9D243-6496-45AE-81A0-E74753EC7323} = {3D2EF9B0-DE5E-4659-93B8-2D87695C5FE3}
		{EE4F0350-E581-42C4-9D06-7DF48EA9A35E} = {3D2EF9B0-DE5E-4659-93B8-2D87695C5FE3}
		{4AA00C40-DED1-4FE9-B631-9BA016D17657} = {3D2EF9B0-DE5E-4659-93B8-2D87695C5FE3}
		{D6593770-8386-4F9D-BC41-55CE7209A041} = {3D2EF9B0-DE5E-4659-93B8-2D87695C5FE3}
		{87EBCCC0-3D10-4B17-B381-87CE690F2083} = {3D2EF9B0-DE5E-4659-93B8-2D87695C5FE3}
		{8B389A94-83B9-458C-A320-F905A652549F} = {3D2EF9B0-DE5E-4659-93B8-2D87695C5FE3}
		{D5CAA3F3-B59D-42F6-B33E-664476992EF6} = {3D2EF9B0-DE5E-4659-93B8-2D87695C5FE3}
		{6A3846C0-6E84-4AD3-BCDA-3A900E64DE23} = {3D2EF9B0-DE5E-4659-93B8-2D87695C5FE3}
		{A4BECE14-D402-4A2A-94BB-9CE581DF24CA} = {3D2EF9B0-DE5E-4659-93B8-2D87695C5FE3}
		{01267313-B5FB-4E37-AB0D-2E638E3280FF} = {3D2EF9B0-DE5E-4659-93B8-2D87695C5FE3}
		{E7DD330D-5C11-419B-8823-3BA001214E99} = {3D2EF9B0-DE5E-4659-93B8-2D87695C5FE3}
		{325F1FA5-167F-49C0-99BE-7DC096707C19} = {3D2EF9B0-DE5E-4659-93B8-2D87695C5FE3}
		{EDC99E17-56A7-4287-9426-4AE117BBAC51} = {3D2EF9B0-DE5E-4659-93B8-2D87695C5FE3}
		{26A14883-80CB-4E48-B3EC-CE39DC5A3C19} = {3D2EF9B0-DE5E-4659-93B8-2D87695C5FE3}
		{A60994F0-C5D6-4C58-A39C-34DF33045AC8} = {3D2EF9B0-DE5E-4659-93B8-2D87695C5FE3}
		{F870894A-0D48-4466-B4F5-00B4235D400E} = {3D2EF9B0-DE5E-4659-93B8-2D87695C5FE3}
		{9BA4B91F-7B20-4BF4-85D6-D6BECFDE8D91} = {3D2EF9B0-DE5E-4659-93B8-2D87695C5FE3}
		{D5E9429F-AA39-4C91-A18C-2D5BF3C8CA84} = {3D2EF9B0-DE5E-4659-93B8-2D87695C5FE3}
		{A88D69A3-A9CF-46FC-B31C-2C94FAA71C0D} = {3D2EF9B0-DE5E-4659-93B8-2D87695C5FE3}
		{6136FE94-56A8-406A-BC39-34CD7CDEC4BC} = {3D2EF9B0-DE5E-4659-93B8-2D87695C5FE3}
		{F7664296-4D8E-4DBF-B629-8D7DF90E9EE6} = {3D2EF9B0-DE5E-4659-93B8-2D87695C5FE3}
		{A839B1BE-7EE2-48AC-AF95-1E82E77BD12D} = {3D2EF9B0-DE5E-4659-93B8-2D87695C5FE3}
		{48737C1C-009C-4B44-9E69-1A4BA4C1C007} = {3D2EF9B0-DE5E-4659-93B8-2D87695C5FE3}
		{56B3EEA3-93C0-4285-B64A-5F2E3E4D96FB} = {89992FA8-5B50-40BD-A2BD-FAC263544B41}
		{8901316B-60C1-44EE-B5CD-20544566EE29} = {89992FA8-5B50-40BD-A2BD-FAC263544B41}
		{73E7E74E-15AB-40E3-8202-CDB0848E4123} = {89992FA8-5B50-40BD-A2BD-FAC263544B41}
		{AD8DDD8D-A90F-4005-820E-623D61248340} = {89992FA8-5B50-40BD-A2BD-FAC263544B41}
		{C2D44EBC-667F-4B72-8540-2F84C70C962B} = {89992FA8-5B50-40BD-A2BD-FAC263544B41}
		{1A914A85-2CE9-487D-9568-A6240A1D0A07} = {89992FA8-5B50-40BD-A2BD-FAC263544B41}
		{F0D8E485-AB13-4391-8F6F-09F8BA095798} = {89992FA8-5B50-40BD-A2BD-FAC263544B41}
		{CB8A7D56-F5C5-4881-9287-2A42600D5040} = {89992FA8-5B50-40BD-A2BD-FAC263544B41}
		{43A84BD2-1E52-416B-AA65-B69C442E1301} = {89992FA8-5B50-40BD-A2BD-FAC263544B41}
		{AF447168-030D-4B53-9D30-B5074BC4C24E} = {89992FA8-5B50-40BD-A2BD-FAC263544B41}
		{B8FB7D49-6549-40E1-A143-273A08881BD0} = {89992FA8-5B50-40BD-A2BD-FAC263544B41}
		{A3D28A7D-D699-4419-AB92-9036A26D1DAE} = {89992FA8-5B50-40BD-A2BD-FAC263544B41}
		{62D35B89-6884-409D-A3A3-64000ABB2136} = {89992FA8-5B50-40BD-A2BD-FAC263544B41}
		{A9867F55-D03F-4932-A621-57A1DD8116E7} = {89992FA8-5B50-40BD-A2BD-FAC263544B41}
		{703F2942-3BC8-473A-8298-56B1B46B1C74} = {89992FA8-5B50-40BD-A2BD-FAC263544B41}
		{75F558A1-FE8E-422E-B200-0B6512E0E479} = {89992FA8-5B50-40BD-A2BD-FAC263544B41}
		{BAC62D6C-8903-4A85-9765-C7CC20FCBE90} = {89992FA8-5B50-40BD-A2BD-FAC263544B41}
		{C2CCA25F-885B-4BFF-B395-637EF231F789} = {89992FA8-5B50-40BD-A2BD-FAC263544B41}
		{2765DB85-4E1C-42E2-ADA5-EFCB9DF42CA1} = {89992FA8-5B50-40BD-A2BD-FAC263544B41}
		{8EE596CB-5C47-454B-9504-1CDEF0B0DF23} = {89992FA8-5B50-40BD-A2BD-FAC263544B41}
		{EDE68F52-26D8-4F21-8D2B-080E3AB5365F} = {89992FA8-5B50-40BD-A2BD-FAC263544B41}
		{2CC40B82-918C-4EC2-B33D-FECF74EA2A9B} = {89992FA8-5B50-40BD-A2BD-FAC263544B41}
		{5F2C3B6B-3536-4B1A-80B6-BD1859BB64DA} = {C2BD63CD-52AE-43AB-9193-3ADD896CBD60}
	EndGlobalSection
	GlobalSection(ExtensibilityGlobals) = postSolution
		SolutionGuid = {7244C3EB-DBDE-4BD5-B9C3-8AC1156A5721}
	EndGlobalSection
EndGlobal
